{
  "name": "parser",
  "version": "1.0.0",
  "lockfileVersion": 1,
  "requires": true,
  "dependencies": {
    "ll1-js": {
      "version": "1.0.1",
      "resolved": "https://registry.npmjs.org/ll1-js/-/ll1-js-1.0.1.tgz",
      "integrity": "sha512-l+3i54AWrDOIf2Hr5fjh8fcykAVy6jkeRfiXlpvAufCntHeflqhWNUwVobyQOEcLFvy1muPOv+lOdrEX/Q7CRA=="
    }
  }
}
